
Microsoft Visual Studio Solution File, Format Version 12.00
# Visual Studio 14
VisualStudioVersion = 14.0.25420.1
MinimumVisualStudioVersion = 10.0.40219.1
Project("{FAE04EC0-301F-11D3-BF4B-00C04F79EFBC}") = "BT01", "BT0102\BT01.csproj", "{D9E52D8A-6E21-48DB-9521-D8BEE01C8D0D}"
EndProject
Project("{FAE04EC0-301F-11D3-BF4B-00C04F79EFBC}") = "BT02_GiaiPTBac2", "GiaiPTBac2\BT02_GiaiPTBac2.csproj", "{F46F5077-7184-429C-88F5-2910F5F36ECC}"
EndProject
Project("{FAE04EC0-301F-11D3-BF4B-00C04F79EFBC}") = "BT03_SoChanLe", "SoChanLe\BT03_SoChanLe.csproj", "{CCDD6AED-94F4-41F6-9EA3-035D4D1D6A02}"
EndProject
Project("{FAE04EC0-301F-11D3-BF4B-00C04F79EFBC}") = "BT05", "BT05\BT05.csproj", "{A103368A-59C4-4C4A-9681-2A360F2FC586}"
EndProject
Project("{FAE04EC0-301F-11D3-BF4B-00C04F79EFBC}") = "BT06", "BT06\BT06.csproj", "{727E83FC-7A0B-478E-BC78-FDD0AF930182}"
EndProject
Project("{FAE04EC0-301F-11D3-BF4B-00C04F79EFBC}") = "BT08", "BT08\BT08.csproj", "{5C6A7659-E1F4-4052-9EB6-1A56C87C7EE5}"
EndProject
Project("{FAE04EC0-301F-11D3-BF4B-00C04F79EFBC}") = "BT20", "BT20\BT20.csproj", "{4B259233-1B70-4BCF-A9DB-AF161B3D1F2F}"
EndProject
Project("{FAE04EC0-301F-11D3-BF4B-00C04F79EFBC}") = "BT23", "BT23\BT23.csproj", "{F76BA427-CC1A-4D84-B502-B6B367452E71}"
EndProject
Global
	GlobalSection(SolutionConfigurationPlatforms) = preSolution
		Debug|Any CPU = Debug|Any CPU
		Release|Any CPU = Release|Any CPU
	EndGlobalSection
	GlobalSection(ProjectConfigurationPlatforms) = postSolution
		{D9E52D8A-6E21-48DB-9521-D8BEE01C8D0D}.Debug|Any CPU.ActiveCfg = Debug|Any CPU
		{D9E52D8A-6E21-48DB-9521-D8BEE01C8D0D}.Debug|Any CPU.Build.0 = Debug|Any CPU
		{D9E52D8A-6E21-48DB-9521-D8BEE01C8D0D}.Release|Any CPU.ActiveCfg = Release|Any CPU
		{D9E52D8A-6E21-48DB-9521-D8BEE01C8D0D}.Release|Any CPU.Build.0 = Release|Any CPU
		{F46F5077-7184-429C-88F5-2910F5F36ECC}.Debug|Any CPU.ActiveCfg = Debug|Any CPU
		{F46F5077-7184-429C-88F5-2910F5F36ECC}.Debug|Any CPU.Build.0 = Debug|Any CPU
		{F46F5077-7184-429C-88F5-2910F5F36ECC}.Release|Any CPU.ActiveCfg = Release|Any CPU
		{F46F5077-7184-429C-88F5-2910F5F36ECC}.Release|Any CPU.Build.0 = Release|Any CPU
		{CCDD6AED-94F4-41F6-9EA3-035D4D1D6A02}.Debug|Any CPU.ActiveCfg = Debug|Any CPU
		{CCDD6AED-94F4-41F6-9EA3-035D4D1D6A02}.Debug|Any CPU.Build.0 = Debug|Any CPU
		{CCDD6AED-94F4-41F6-9EA3-035D4D1D6A02}.Release|Any CPU.ActiveCfg = Release|Any CPU
		{CCDD6AED-94F4-41F6-9EA3-035D4D1D6A02}.Release|Any CPU.Build.0 = Release|Any CPU
		{A103368A-59C4-4C4A-9681-2A360F2FC586}.Debug|Any CPU.ActiveCfg = Debug|Any CPU
		{A103368A-59C4-4C4A-9681-2A360F2FC586}.Debug|Any CPU.Build.0 = Debug|Any CPU
		{A103368A-59C4-4C4A-9681-2A360F2FC586}.Release|Any CPU.ActiveCfg = Release|Any CPU
		{A103368A-59C4-4C4A-9681-2A360F2FC586}.Release|Any CPU.Build.0 = Release|Any CPU
		{727E83FC-7A0B-478E-BC78-FDD0AF930182}.Debug|Any CPU.ActiveCfg = Debug|Any CPU
		{727E83FC-7A0B-478E-BC78-FDD0AF930182}.Debug|Any CPU.Build.0 = Debug|Any CPU
		{727E83FC-7A0B-478E-BC78-FDD0AF930182}.Release|Any CPU.ActiveCfg = Release|Any CPU
		{727E83FC-7A0B-478E-BC78-FDD0AF930182}.Release|Any CPU.Build.0 = Release|Any CPU
		{5C6A7659-E1F4-4052-9EB6-1A56C87C7EE5}.Debug|Any CPU.ActiveCfg = Debug|Any CPU
		{5C6A7659-E1F4-4052-9EB6-1A56C87C7EE5}.Debug|Any CPU.Build.0 = Debug|Any CPU
		{5C6A7659-E1F4-4052-9EB6-1A56C87C7EE5}.Release|Any CPU.ActiveCfg = Release|Any CPU
		{5C6A7659-E1F4-4052-9EB6-1A56C87C7EE5}.Release|Any CPU.Build.0 = Release|Any CPU
		{4B259233-1B70-4BCF-A9DB-AF161B3D1F2F}.Debug|Any CPU.ActiveCfg = Debug|Any CPU
		{4B259233-1B70-4BCF-A9DB-AF161B3D1F2F}.Debug|Any CPU.Build.0 = Debug|Any CPU
		{4B259233-1B70-4BCF-A9DB-AF161B3D1F2F}.Release|Any CPU.ActiveCfg = Release|Any CPU
		{4B259233-1B70-4BCF-A9DB-AF161B3D1F2F}.Release|Any CPU.Build.0 = Release|Any CPU
		{F76BA427-CC1A-4D84-B502-B6B367452E71}.Debug|Any CPU.ActiveCfg = Debug|Any CPU
		{F76BA427-CC1A-4D84-B502-B6B367452E71}.Debug|Any CPU.Build.0 = Debug|Any CPU
		{F76BA427-CC1A-4D84-B502-B6B367452E71}.Release|Any CPU.ActiveCfg = Release|Any CPU
		{F76BA427-CC1A-4D84-B502-B6B367452E71}.Release|Any CPU.Build.0 = Release|Any CPU
	EndGlobalSection
	GlobalSection(SolutionProperties) = preSolution
		HideSolutionNode = FALSE
	EndGlobalSection
EndGlobal
