
Microsoft Visual Studio Solution File, Format Version 12.00
# Visual Studio 14
VisualStudioVersion = 14.0.25420.1
MinimumVisualStudioVersion = 10.0.40219.1
Project("{FAE04EC0-301F-11D3-BF4B-00C04F79EFBC}") = "BT_Onl_Buoi3_15-04-2020", "BT_Onl_Buoi3_15-04-2020\BT_Onl_Buoi3_15-04-2020.csproj", "{7A17222B-999A-49A1-B4B2-5467C9B4D31B}"
EndProject
Global
	GlobalSection(SolutionConfigurationPlatforms) = preSolution
		Debug|Any CPU = Debug|Any CPU
		Release|Any CPU = Release|Any CPU
	EndGlobalSection
	GlobalSection(ProjectConfigurationPlatforms) = postSolution
		{7A17222B-999A-49A1-B4B2-5467C9B4D31B}.Debug|Any CPU.ActiveCfg = Debug|Any CPU
		{7A17222B-999A-49A1-B4B2-5467C9B4D31B}.Debug|Any CPU.Build.0 = Debug|Any CPU
		{7A17222B-999A-49A1-B4B2-5467C9B4D31B}.Release|Any CPU.ActiveCfg = Release|Any CPU
		{7A17222B-999A-49A1-B4B2-5467C9B4D31B}.Release|Any CPU.Build.0 = Release|Any CPU
	EndGlobalSection
	GlobalSection(SolutionProperties) = preSolution
		HideSolutionNode = FALSE
	EndGlobalSection
EndGlobal
