
Microsoft Visual Studio Solution File, Format Version 12.00
# Visual Studio 14
VisualStudioVersion = 14.0.25420.1
MinimumVisualStudioVersion = 10.0.40219.1
Project("{FAE04EC0-301F-11D3-BF4B-00C04F79EFBC}") = "KhachHang", "Bt3_22-04-20\KhachHang.csproj", "{DA226160-52E6-4181-8A7A-3A6F871BF2B0}"
EndProject
Project("{FAE04EC0-301F-11D3-BF4B-00C04F79EFBC}") = "MayTinh", "MayTinh\MayTinh.csproj", "{9A019990-D63C-440D-8962-37EDECD0A526}"
EndProject
Global
	GlobalSection(SolutionConfigurationPlatforms) = preSolution
		Debug|Any CPU = Debug|Any CPU
		Release|Any CPU = Release|Any CPU
	EndGlobalSection
	GlobalSection(ProjectConfigurationPlatforms) = postSolution
		{DA226160-52E6-4181-8A7A-3A6F871BF2B0}.Debug|Any CPU.ActiveCfg = Debug|Any CPU
		{DA226160-52E6-4181-8A7A-3A6F871BF2B0}.Debug|Any CPU.Build.0 = Debug|Any CPU
		{DA226160-52E6-4181-8A7A-3A6F871BF2B0}.Release|Any CPU.ActiveCfg = Release|Any CPU
		{DA226160-52E6-4181-8A7A-3A6F871BF2B0}.Release|Any CPU.Build.0 = Release|Any CPU
		{9A019990-D63C-440D-8962-37EDECD0A526}.Debug|Any CPU.ActiveCfg = Debug|Any CPU
		{9A019990-D63C-440D-8962-37EDECD0A526}.Debug|Any CPU.Build.0 = Debug|Any CPU
		{9A019990-D63C-440D-8962-37EDECD0A526}.Release|Any CPU.ActiveCfg = Release|Any CPU
		{9A019990-D63C-440D-8962-37EDECD0A526}.Release|Any CPU.Build.0 = Release|Any CPU
	EndGlobalSection
	GlobalSection(SolutionProperties) = preSolution
		HideSolutionNode = FALSE
	EndGlobalSection
EndGlobal
